
Microsoft Visual Studio Solution File, Format Version 12.00
# Visual Studio 2012
Project("{FAE04EC0-301F-11D3-BF4B-00C04F79EFBC}") = "Mars_Rover", "Mars_Rover\Mars_Rover.csproj", "{55160D37-7243-4A3A-9548-EB76A5B9EDCF}"
EndProject
Project("{FAE04EC0-301F-11D3-BF4B-00C04F79EFBC}") = "Mars_Rover.Test", "Mars_Rover.Test\Mars_Rover.Test.csproj", "{02176665-8EAE-47FE-A033-F34D723CFE7A}"
EndProject
Project("{FAE04EC0-301F-11D3-BF4B-00C04F79EFBC}") = "Mars_Rover.Base", "Mars_Rover.Base\Mars_Rover.Base.csproj", "{54029B16-7E10-457D-9717-EE1B27D1E8BF}"
EndProject
Global
	GlobalSection(SolutionConfigurationPlatforms) = preSolution
		Debug|Any CPU = Debug|Any CPU
		Release|Any CPU = Release|Any CPU
	EndGlobalSection
	GlobalSection(ProjectConfigurationPlatforms) = postSolution
		{55160D37-7243-4A3A-9548-EB76A5B9EDCF}.Debug|Any CPU.ActiveCfg = Debug|Any CPU
		{55160D37-7243-4A3A-9548-EB76A5B9EDCF}.Debug|Any CPU.Build.0 = Debug|Any CPU
		{55160D37-7243-4A3A-9548-EB76A5B9EDCF}.Release|Any CPU.ActiveCfg = Release|Any CPU
		{55160D37-7243-4A3A-9548-EB76A5B9EDCF}.Release|Any CPU.Build.0 = Release|Any CPU
		{02176665-8EAE-47FE-A033-F34D723CFE7A}.Debug|Any CPU.ActiveCfg = Debug|Any CPU
		{02176665-8EAE-47FE-A033-F34D723CFE7A}.Debug|Any CPU.Build.0 = Debug|Any CPU
		{02176665-8EAE-47FE-A033-F34D723CFE7A}.Release|Any CPU.ActiveCfg = Release|Any CPU
		{02176665-8EAE-47FE-A033-F34D723CFE7A}.Release|Any CPU.Build.0 = Release|Any CPU
		{54029B16-7E10-457D-9717-EE1B27D1E8BF}.Debug|Any CPU.ActiveCfg = Debug|Any CPU
		{54029B16-7E10-457D-9717-EE1B27D1E8BF}.Debug|Any CPU.Build.0 = Debug|Any CPU
		{54029B16-7E10-457D-9717-EE1B27D1E8BF}.Release|Any CPU.ActiveCfg = Release|Any CPU
		{54029B16-7E10-457D-9717-EE1B27D1E8BF}.Release|Any CPU.Build.0 = Release|Any CPU
	EndGlobalSection
	GlobalSection(SolutionProperties) = preSolution
		HideSolutionNode = FALSE
	EndGlobalSection
EndGlobal
